
Microsoft Visual Studio Solution File, Format Version 12.00
# Visual Studio 14
VisualStudioVersion = 14.0.22823.1
MinimumVisualStudioVersion = 10.0.40219.1
Project("{FAE04EC0-301F-11D3-BF4B-00C04F79EFBC}") = "ConectividadeApp", "ConectividadeApp\ConectividadeApp\ConectividadeApp.csproj", "{C1CE71AF-486C-45CD-9A6A-80268A27CF95}"
EndProject
Project("{FAE04EC0-301F-11D3-BF4B-00C04F79EFBC}") = "ConectividadeApp.iOS", "ConectividadeApp\ConectividadeApp.iOS\ConectividadeApp.iOS.csproj", "{7033E680-15E7-496C-8781-D6E0741A4ED9}"
EndProject
Project("{FAE04EC0-301F-11D3-BF4B-00C04F79EFBC}") = "ConectividadeApp.Droid", "ConectividadeApp\ConectividadeApp.Droid\ConectividadeApp.Droid.csproj", "{4F371252-019B-425F-AE47-01EB951CFD57}"
EndProject
Project("{FAE04EC0-301F-11D3-BF4B-00C04F79EFBC}") = "ConectividadeApp.WinPhone", "ConectividadeApp\ConectividadeApp.WinPhone\ConectividadeApp.WinPhone.csproj", "{9AAADF81-35FC-4BBB-B2E4-42B6757F1C28}"
EndProject
Global
	GlobalSection(SolutionConfigurationPlatforms) = preSolution
		Ad-Hoc|Any CPU = Ad-Hoc|Any CPU
		Ad-Hoc|ARM = Ad-Hoc|ARM
		Ad-Hoc|iPhone = Ad-Hoc|iPhone
		Ad-Hoc|iPhoneSimulator = Ad-Hoc|iPhoneSimulator
		Ad-Hoc|x86 = Ad-Hoc|x86
		AppStore|Any CPU = AppStore|Any CPU
		AppStore|ARM = AppStore|ARM
		AppStore|iPhone = AppStore|iPhone
		AppStore|iPhoneSimulator = AppStore|iPhoneSimulator
		AppStore|x86 = AppStore|x86
		Debug|Any CPU = Debug|Any CPU
		Debug|ARM = Debug|ARM
		Debug|iPhone = Debug|iPhone
		Debug|iPhoneSimulator = Debug|iPhoneSimulator
		Debug|x86 = Debug|x86
		Release|Any CPU = Release|Any CPU
		Release|ARM = Release|ARM
		Release|iPhone = Release|iPhone
		Release|iPhoneSimulator = Release|iPhoneSimulator
		Release|x86 = Release|x86
	EndGlobalSection
	GlobalSection(ProjectConfigurationPlatforms) = postSolution
		{C1CE71AF-486C-45CD-9A6A-80268A27CF95}.Ad-Hoc|Any CPU.ActiveCfg = Release|Any CPU
		{C1CE71AF-486C-45CD-9A6A-80268A27CF95}.Ad-Hoc|Any CPU.Build.0 = Release|Any CPU
		{C1CE71AF-486C-45CD-9A6A-80268A27CF95}.Ad-Hoc|ARM.ActiveCfg = Release|Any CPU
		{C1CE71AF-486C-45CD-9A6A-80268A27CF95}.Ad-Hoc|ARM.Build.0 = Release|Any CPU
		{C1CE71AF-486C-45CD-9A6A-80268A27CF95}.Ad-Hoc|iPhone.ActiveCfg = Release|Any CPU
		{C1CE71AF-486C-45CD-9A6A-80268A27CF95}.Ad-Hoc|iPhone.Build.0 = Release|Any CPU
		{C1CE71AF-486C-45CD-9A6A-80268A27CF95}.Ad-Hoc|iPhoneSimulator.ActiveCfg = Release|Any CPU
		{C1CE71AF-486C-45CD-9A6A-80268A27CF95}.Ad-Hoc|iPhoneSimulator.Build.0 = Release|Any CPU
		{C1CE71AF-486C-45CD-9A6A-80268A27CF95}.Ad-Hoc|x86.ActiveCfg = Release|Any CPU
		{C1CE71AF-486C-45CD-9A6A-80268A27CF95}.Ad-Hoc|x86.Build.0 = Release|Any CPU
		{C1CE71AF-486C-45CD-9A6A-80268A27CF95}.AppStore|Any CPU.ActiveCfg = Release|Any CPU
		{C1CE71AF-486C-45CD-9A6A-80268A27CF95}.AppStore|Any CPU.Build.0 = Release|Any CPU
		{C1CE71AF-486C-45CD-9A6A-80268A27CF95}.AppStore|ARM.ActiveCfg = Release|Any CPU
		{C1CE71AF-486C-45CD-9A6A-80268A27CF95}.AppStore|ARM.Build.0 = Release|Any CPU
		{C1CE71AF-486C-45CD-9A6A-80268A27CF95}.AppStore|iPhone.ActiveCfg = Release|Any CPU
		{C1CE71AF-486C-45CD-9A6A-80268A27CF95}.AppStore|iPhone.Build.0 = Release|Any CPU
		{C1CE71AF-486C-45CD-9A6A-80268A27CF95}.AppStore|iPhoneSimulator.ActiveCfg = Release|Any CPU
		{C1CE71AF-486C-45CD-9A6A-80268A27CF95}.AppStore|iPhoneSimulator.Build.0 = Release|Any CPU
		{C1CE71AF-486C-45CD-9A6A-80268A27CF95}.AppStore|x86.ActiveCfg = Release|Any CPU
		{C1CE71AF-486C-45CD-9A6A-80268A27CF95}.AppStore|x86.Build.0 = Release|Any CPU
		{C1CE71AF-486C-45CD-9A6A-80268A27CF95}.Debug|Any CPU.ActiveCfg = Debug|Any CPU
		{C1CE71AF-486C-45CD-9A6A-80268A27CF95}.Debug|Any CPU.Build.0 = Debug|Any CPU
		{C1CE71AF-486C-45CD-9A6A-80268A27CF95}.Debug|ARM.ActiveCfg = Debug|Any CPU
		{C1CE71AF-486C-45CD-9A6A-80268A27CF95}.Debug|ARM.Build.0 = Debug|Any CPU
		{C1CE71AF-486C-45CD-9A6A-80268A27CF95}.Debug|iPhone.ActiveCfg = Debug|Any CPU
		{C1CE71AF-486C-45CD-9A6A-80268A27CF95}.Debug|iPhone.Build.0 = Debug|Any CPU
		{C1CE71AF-486C-45CD-9A6A-80268A27CF95}.Debug|iPhoneSimulator.ActiveCfg = Debug|Any CPU
		{C1CE71AF-486C-45CD-9A6A-80268A27CF95}.Debug|iPhoneSimulator.Build.0 = Debug|Any CPU
		{C1CE71AF-486C-45CD-9A6A-80268A27CF95}.Debug|x86.ActiveCfg = Debug|Any CPU
		{C1CE71AF-486C-45CD-9A6A-80268A27CF95}.Debug|x86.Build.0 = Debug|Any CPU
		{C1CE71AF-486C-45CD-9A6A-80268A27CF95}.Release|Any CPU.ActiveCfg = Release|Any CPU
		{C1CE71AF-486C-45CD-9A6A-80268A27CF95}.Release|Any CPU.Build.0 = Release|Any CPU
		{C1CE71AF-486C-45CD-9A6A-80268A27CF95}.Release|ARM.ActiveCfg = Release|Any CPU
		{C1CE71AF-486C-45CD-9A6A-80268A27CF95}.Release|ARM.Build.0 = Release|Any CPU
		{C1CE71AF-486C-45CD-9A6A-80268A27CF95}.Release|iPhone.ActiveCfg = Release|Any CPU
		{C1CE71AF-486C-45CD-9A6A-80268A27CF95}.Release|iPhone.Build.0 = Release|Any CPU
		{C1CE71AF-486C-45CD-9A6A-80268A27CF95}.Release|iPhoneSimulator.ActiveCfg = Release|Any CPU
		{C1CE71AF-486C-45CD-9A6A-80268A27CF95}.Release|iPhoneSimulator.Build.0 = Release|Any CPU
		{C1CE71AF-486C-45CD-9A6A-80268A27CF95}.Release|x86.ActiveCfg = Release|Any CPU
		{C1CE71AF-486C-45CD-9A6A-80268A27CF95}.Release|x86.Build.0 = Release|Any CPU
		{7033E680-15E7-496C-8781-D6E0741A4ED9}.Ad-Hoc|Any CPU.ActiveCfg = Ad-Hoc|iPhone
		{7033E680-15E7-496C-8781-D6E0741A4ED9}.Ad-Hoc|ARM.ActiveCfg = Ad-Hoc|iPhone
		{7033E680-15E7-496C-8781-D6E0741A4ED9}.Ad-Hoc|iPhone.ActiveCfg = Ad-Hoc|iPhone
		{7033E680-15E7-496C-8781-D6E0741A4ED9}.Ad-Hoc|iPhone.Build.0 = Ad-Hoc|iPhone
		{7033E680-15E7-496C-8781-D6E0741A4ED9}.Ad-Hoc|iPhoneSimulator.ActiveCfg = Ad-Hoc|iPhoneSimulator
		{7033E680-15E7-496C-8781-D6E0741A4ED9}.Ad-Hoc|iPhoneSimulator.Build.0 = Ad-Hoc|iPhoneSimulator
		{7033E680-15E7-496C-8781-D6E0741A4ED9}.Ad-Hoc|x86.ActiveCfg = Ad-Hoc|iPhone
		{7033E680-15E7-496C-8781-D6E0741A4ED9}.AppStore|Any CPU.ActiveCfg = AppStore|iPhone
		{7033E680-15E7-496C-8781-D6E0741A4ED9}.AppStore|ARM.ActiveCfg = AppStore|iPhone
		{7033E680-15E7-496C-8781-D6E0741A4ED9}.AppStore|iPhone.ActiveCfg = AppStore|iPhone
		{7033E680-15E7-496C-8781-D6E0741A4ED9}.AppStore|iPhone.Build.0 = AppStore|iPhone
		{7033E680-15E7-496C-8781-D6E0741A4ED9}.AppStore|iPhoneSimulator.ActiveCfg = AppStore|iPhoneSimulator
		{7033E680-15E7-496C-8781-D6E0741A4ED9}.AppStore|iPhoneSimulator.Build.0 = AppStore|iPhoneSimulator
		{7033E680-15E7-496C-8781-D6E0741A4ED9}.AppStore|x86.ActiveCfg = AppStore|iPhone
		{7033E680-15E7-496C-8781-D6E0741A4ED9}.Debug|Any CPU.ActiveCfg = Debug|iPhone
		{7033E680-15E7-496C-8781-D6E0741A4ED9}.Debug|ARM.ActiveCfg = Debug|iPhone
		{7033E680-15E7-496C-8781-D6E0741A4ED9}.Debug|iPhone.ActiveCfg = Debug|iPhone
		{7033E680-15E7-496C-8781-D6E0741A4ED9}.Debug|iPhone.Build.0 = Debug|iPhone
		{7033E680-15E7-496C-8781-D6E0741A4ED9}.Debug|iPhoneSimulator.ActiveCfg = Debug|iPhoneSimulator
		{7033E680-15E7-496C-8781-D6E0741A4ED9}.Debug|iPhoneSimulator.Build.0 = Debug|iPhoneSimulator
		{7033E680-15E7-496C-8781-D6E0741A4ED9}.Debug|x86.ActiveCfg = Debug|iPhone
		{7033E680-15E7-496C-8781-D6E0741A4ED9}.Release|Any CPU.ActiveCfg = Release|iPhone
		{7033E680-15E7-496C-8781-D6E0741A4ED9}.Release|ARM.ActiveCfg = Release|iPhone
		{7033E680-15E7-496C-8781-D6E0741A4ED9}.Release|iPhone.ActiveCfg = Release|iPhone
		{7033E680-15E7-496C-8781-D6E0741A4ED9}.Release|iPhone.Build.0 = Release|iPhone
		{7033E680-15E7-496C-8781-D6E0741A4ED9}.Release|iPhoneSimulator.ActiveCfg = Release|iPhoneSimulator
		{7033E680-15E7-496C-8781-D6E0741A4ED9}.Release|iPhoneSimulator.Build.0 = Release|iPhoneSimulator
		{7033E680-15E7-496C-8781-D6E0741A4ED9}.Release|x86.ActiveCfg = Release|iPhone
		{4F371252-019B-425F-AE47-01EB951CFD57}.Ad-Hoc|Any CPU.ActiveCfg = Release|Any CPU
		{4F371252-019B-425F-AE47-01EB951CFD57}.Ad-Hoc|Any CPU.Build.0 = Release|Any CPU
		{4F371252-019B-425F-AE47-01EB951CFD57}.Ad-Hoc|Any CPU.Deploy.0 = Release|Any CPU
		{4F371252-019B-425F-AE47-01EB951CFD57}.Ad-Hoc|ARM.ActiveCfg = Release|Any CPU
		{4F371252-019B-425F-AE47-01EB951CFD57}.Ad-Hoc|ARM.Build.0 = Release|Any CPU
		{4F371252-019B-425F-AE47-01EB951CFD57}.Ad-Hoc|ARM.Deploy.0 = Release|Any CPU
		{4F371252-019B-425F-AE47-01EB951CFD57}.Ad-Hoc|iPhone.ActiveCfg = Release|Any CPU
		{4F371252-019B-425F-AE47-01EB951CFD57}.Ad-Hoc|iPhone.Build.0 = Release|Any CPU
		{4F371252-019B-425F-AE47-01EB951CFD57}.Ad-Hoc|iPhone.Deploy.0 = Release|Any CPU
		{4F371252-019B-425F-AE47-01EB951CFD57}.Ad-Hoc|iPhoneSimulator.ActiveCfg = Release|Any CPU
		{4F371252-019B-425F-AE47-01EB951CFD57}.Ad-Hoc|iPhoneSimulator.Build.0 = Release|Any CPU
		{4F371252-019B-425F-AE47-01EB951CFD57}.Ad-Hoc|iPhoneSimulator.Deploy.0 = Release|Any CPU
		{4F371252-019B-425F-AE47-01EB951CFD57}.Ad-Hoc|x86.ActiveCfg = Release|Any CPU
		{4F371252-019B-425F-AE47-01EB951CFD57}.Ad-Hoc|x86.Build.0 = Release|Any CPU
		{4F371252-019B-425F-AE47-01EB951CFD57}.Ad-Hoc|x86.Deploy.0 = Release|Any CPU
		{4F371252-019B-425F-AE47-01EB951CFD57}.AppStore|Any CPU.ActiveCfg = Release|Any CPU
		{4F371252-019B-425F-AE47-01EB951CFD57}.AppStore|Any CPU.Build.0 = Release|Any CPU
		{4F371252-019B-425F-AE47-01EB951CFD57}.AppStore|Any CPU.Deploy.0 = Release|Any CPU
		{4F371252-019B-425F-AE47-01EB951CFD57}.AppStore|ARM.ActiveCfg = Release|Any CPU
		{4F371252-019B-425F-AE47-01EB951CFD57}.AppStore|ARM.Build.0 = Release|Any CPU
		{4F371252-019B-425F-AE47-01EB951CFD57}.AppStore|ARM.Deploy.0 = Release|Any CPU
		{4F371252-019B-425F-AE47-01EB951CFD57}.AppStore|iPhone.ActiveCfg = Release|Any CPU
		{4F371252-019B-425F-AE47-01EB951CFD57}.AppStore|iPhone.Build.0 = Release|Any CPU
		{4F371252-019B-425F-AE47-01EB951CFD57}.AppStore|iPhone.Deploy.0 = Release|Any CPU
		{4F371252-019B-425F-AE47-01EB951CFD57}.AppStore|iPhoneSimulator.ActiveCfg = Release|Any CPU
		{4F371252-019B-425F-AE47-01EB951CFD57}.AppStore|iPhoneSimulator.Build.0 = Release|Any CPU
		{4F371252-019B-425F-AE47-01EB951CFD57}.AppStore|iPhoneSimulator.Deploy.0 = Release|Any CPU
		{4F371252-019B-425F-AE47-01EB951CFD57}.AppStore|x86.ActiveCfg = Release|Any CPU
		{4F371252-019B-425F-AE47-01EB951CFD57}.AppStore|x86.Build.0 = Release|Any CPU
		{4F371252-019B-425F-AE47-01EB951CFD57}.AppStore|x86.Deploy.0 = Release|Any CPU
		{4F371252-019B-425F-AE47-01EB951CFD57}.Debug|Any CPU.ActiveCfg = Debug|Any CPU
		{4F371252-019B-425F-AE47-01EB951CFD57}.Debug|Any CPU.Build.0 = Debug|Any CPU
		{4F371252-019B-425F-AE47-01EB951CFD57}.Debug|Any CPU.Deploy.0 = Debug|Any CPU
		{4F371252-019B-425F-AE47-01EB951CFD57}.Debug|ARM.ActiveCfg = Debug|Any CPU
		{4F371252-019B-425F-AE47-01EB951CFD57}.Debug|ARM.Build.0 = Debug|Any CPU
		{4F371252-019B-425F-AE47-01EB951CFD57}.Debug|ARM.Deploy.0 = Debug|Any CPU
		{4F371252-019B-425F-AE47-01EB951CFD57}.Debug|iPhone.ActiveCfg = Debug|Any CPU
		{4F371252-019B-425F-AE47-01EB951CFD57}.Debug|iPhone.Build.0 = Debug|Any CPU
		{4F371252-019B-425F-AE47-01EB951CFD57}.Debug|iPhone.Deploy.0 = Debug|Any CPU
		{4F371252-019B-425F-AE47-01EB951CFD57}.Debug|iPhoneSimulator.ActiveCfg = Debug|Any CPU
		{4F371252-019B-425F-AE47-01EB951CFD57}.Debug|iPhoneSimulator.Build.0 = Debug|Any CPU
		{4F371252-019B-425F-AE47-01EB951CFD57}.Debug|iPhoneSimulator.Deploy.0 = Debug|Any CPU
		{4F371252-019B-425F-AE47-01EB951CFD57}.Debug|x86.ActiveCfg = Debug|Any CPU
		{4F371252-019B-425F-AE47-01EB951CFD57}.Debug|x86.Build.0 = Debug|Any CPU
		{4F371252-019B-425F-AE47-01EB951CFD57}.Debug|x86.Deploy.0 = Debug|Any CPU
		{4F371252-019B-425F-AE47-01EB951CFD57}.Release|Any CPU.ActiveCfg = Release|Any CPU
		{4F371252-019B-425F-AE47-01EB951CFD57}.Release|Any CPU.Build.0 = Release|Any CPU
		{4F371252-019B-425F-AE47-01EB951CFD57}.Release|Any CPU.Deploy.0 = Release|Any CPU
		{4F371252-019B-425F-AE47-01EB951CFD57}.Release|ARM.ActiveCfg = Release|Any CPU
		{4F371252-019B-425F-AE47-01EB951CFD57}.Release|ARM.Build.0 = Release|Any CPU
		{4F371252-019B-425F-AE47-01EB951CFD57}.Release|ARM.Deploy.0 = Release|Any CPU
		{4F371252-019B-425F-AE47-01EB951CFD57}.Release|iPhone.ActiveCfg = Release|Any CPU
		{4F371252-019B-425F-AE47-01EB951CFD57}.Release|iPhone.Build.0 = Release|Any CPU
		{4F371252-019B-425F-AE47-01EB951CFD57}.Release|iPhone.Deploy.0 = Release|Any CPU
		{4F371252-019B-425F-AE47-01EB951CFD57}.Release|iPhoneSimulator.ActiveCfg = Release|Any CPU
		{4F371252-019B-425F-AE47-01EB951CFD57}.Release|iPhoneSimulator.Build.0 = Release|Any CPU
		{4F371252-019B-425F-AE47-01EB951CFD57}.Release|iPhoneSimulator.Deploy.0 = Release|Any CPU
		{4F371252-019B-425F-AE47-01EB951CFD57}.Release|x86.ActiveCfg = Release|Any CPU
		{4F371252-019B-425F-AE47-01EB951CFD57}.Release|x86.Build.0 = Release|Any CPU
		{4F371252-019B-425F-AE47-01EB951CFD57}.Release|x86.Deploy.0 = Release|Any CPU
		{9AAADF81-35FC-4BBB-B2E4-42B6757F1C28}.Ad-Hoc|Any CPU.ActiveCfg = Release|Any CPU
		{9AAADF81-35FC-4BBB-B2E4-42B6757F1C28}.Ad-Hoc|Any CPU.Build.0 = Release|Any CPU
		{9AAADF81-35FC-4BBB-B2E4-42B6757F1C28}.Ad-Hoc|Any CPU.Deploy.0 = Release|Any CPU
		{9AAADF81-35FC-4BBB-B2E4-42B6757F1C28}.Ad-Hoc|ARM.ActiveCfg = Release|ARM
		{9AAADF81-35FC-4BBB-B2E4-42B6757F1C28}.Ad-Hoc|ARM.Build.0 = Release|ARM
		{9AAADF81-35FC-4BBB-B2E4-42B6757F1C28}.Ad-Hoc|ARM.Deploy.0 = Release|ARM
		{9AAADF81-35FC-4BBB-B2E4-42B6757F1C28}.Ad-Hoc|iPhone.ActiveCfg = Release|Any CPU
		{9AAADF81-35FC-4BBB-B2E4-42B6757F1C28}.Ad-Hoc|iPhone.Build.0 = Release|Any CPU
		{9AAADF81-35FC-4BBB-B2E4-42B6757F1C28}.Ad-Hoc|iPhone.Deploy.0 = Release|Any CPU
		{9AAADF81-35FC-4BBB-B2E4-42B6757F1C28}.Ad-Hoc|iPhoneSimulator.ActiveCfg = Release|Any CPU
		{9AAADF81-35FC-4BBB-B2E4-42B6757F1C28}.Ad-Hoc|iPhoneSimulator.Build.0 = Release|Any CPU
		{9AAADF81-35FC-4BBB-B2E4-42B6757F1C28}.Ad-Hoc|iPhoneSimulator.Deploy.0 = Release|Any CPU
		{9AAADF81-35FC-4BBB-B2E4-42B6757F1C28}.Ad-Hoc|x86.ActiveCfg = Release|x86
		{9AAADF81-35FC-4BBB-B2E4-42B6757F1C28}.Ad-Hoc|x86.Build.0 = Release|x86
		{9AAADF81-35FC-4BBB-B2E4-42B6757F1C28}.Ad-Hoc|x86.Deploy.0 = Release|x86
		{9AAADF81-35FC-4BBB-B2E4-42B6757F1C28}.AppStore|Any CPU.ActiveCfg = Release|Any CPU
		{9AAADF81-35FC-4BBB-B2E4-42B6757F1C28}.AppStore|Any CPU.Build.0 = Release|Any CPU
		{9AAADF81-35FC-4BBB-B2E4-42B6757F1C28}.AppStore|Any CPU.Deploy.0 = Release|Any CPU
		{9AAADF81-35FC-4BBB-B2E4-42B6757F1C28}.AppStore|ARM.ActiveCfg = Release|ARM
		{9AAADF81-35FC-4BBB-B2E4-42B6757F1C28}.AppStore|ARM.Build.0 = Release|ARM
		{9AAADF81-35FC-4BBB-B2E4-42B6757F1C28}.AppStore|ARM.Deploy.0 = Release|ARM
		{9AAADF81-35FC-4BBB-B2E4-42B6757F1C28}.AppStore|iPhone.ActiveCfg = Release|Any CPU
		{9AAADF81-35FC-4BBB-B2E4-42B6757F1C28}.AppStore|iPhone.Build.0 = Release|Any CPU
		{9AAADF81-35FC-4BBB-B2E4-42B6757F1C28}.AppStore|iPhone.Deploy.0 = Release|Any CPU
		{9AAADF81-35FC-4BBB-B2E4-42B6757F1C28}.AppStore|iPhoneSimulator.ActiveCfg = Release|Any CPU
		{9AAADF81-35FC-4BBB-B2E4-42B6757F1C28}.AppStore|iPhoneSimulator.Build.0 = Release|Any CPU
		{9AAADF81-35FC-4BBB-B2E4-42B6757F1C28}.AppStore|iPhoneSimulator.Deploy.0 = Release|Any CPU
		{9AAADF81-35FC-4BBB-B2E4-42B6757F1C28}.AppStore|x86.ActiveCfg = Release|x86
		{9AAADF81-35FC-4BBB-B2E4-42B6757F1C28}.AppStore|x86.Build.0 = Release|x86
		{9AAADF81-35FC-4BBB-B2E4-42B6757F1C28}.AppStore|x86.Deploy.0 = Release|x86
		{9AAADF81-35FC-4BBB-B2E4-42B6757F1C28}.Debug|Any CPU.ActiveCfg = Debug|Any CPU
		{9AAADF81-35FC-4BBB-B2E4-42B6757F1C28}.Debug|Any CPU.Build.0 = Debug|Any CPU
		{9AAADF81-35FC-4BBB-B2E4-42B6757F1C28}.Debug|Any CPU.Deploy.0 = Debug|Any CPU
		{9AAADF81-35FC-4BBB-B2E4-42B6757F1C28}.Debug|ARM.ActiveCfg = Debug|ARM
		{9AAADF81-35FC-4BBB-B2E4-42B6757F1C28}.Debug|ARM.Build.0 = Debug|ARM
		{9AAADF81-35FC-4BBB-B2E4-42B6757F1C28}.Debug|ARM.Deploy.0 = Debug|ARM
		{9AAADF81-35FC-4BBB-B2E4-42B6757F1C28}.Debug|iPhone.ActiveCfg = Debug|Any CPU
		{9AAADF81-35FC-4BBB-B2E4-42B6757F1C28}.Debug|iPhone.Build.0 = Debug|Any CPU
		{9AAADF81-35FC-4BBB-B2E4-42B6757F1C28}.Debug|iPhone.Deploy.0 = Debug|Any CPU
		{9AAADF81-35FC-4BBB-B2E4-42B6757F1C28}.Debug|iPhoneSimulator.ActiveCfg = Debug|Any CPU
		{9AAADF81-35FC-4BBB-B2E4-42B6757F1C28}.Debug|iPhoneSimulator.Build.0 = Debug|Any CPU
		{9AAADF81-35FC-4BBB-B2E4-42B6757F1C28}.Debug|iPhoneSimulator.Deploy.0 = Debug|Any CPU
		{9AAADF81-35FC-4BBB-B2E4-42B6757F1C28}.Debug|x86.ActiveCfg = Debug|x86
		{9AAADF81-35FC-4BBB-B2E4-42B6757F1C28}.Debug|x86.Build.0 = Debug|x86
		{9AAADF81-35FC-4BBB-B2E4-42B6757F1C28}.Debug|x86.Deploy.0 = Debug|x86
		{9AAADF81-35FC-4BBB-B2E4-42B6757F1C28}.Release|Any CPU.ActiveCfg = Release|Any CPU
		{9AAADF81-35FC-4BBB-B2E4-42B6757F1C28}.Release|Any CPU.Build.0 = Release|Any CPU
		{9AAADF81-35FC-4BBB-B2E4-42B6757F1C28}.Release|Any CPU.Deploy.0 = Release|Any CPU
		{9AAADF81-35FC-4BBB-B2E4-42B6757F1C28}.Release|ARM.ActiveCfg = Release|ARM
		{9AAADF81-35FC-4BBB-B2E4-42B6757F1C28}.Release|ARM.Build.0 = Release|ARM
		{9AAADF81-35FC-4BBB-B2E4-42B6757F1C28}.Release|ARM.Deploy.0 = Release|ARM
		{9AAADF81-35FC-4BBB-B2E4-42B6757F1C28}.Release|iPhone.ActiveCfg = Release|Any CPU
		{9AAADF81-35FC-4BBB-B2E4-42B6757F1C28}.Release|iPhone.Build.0 = Release|Any CPU
		{9AAADF81-35FC-4BBB-B2E4-42B6757F1C28}.Release|iPhone.Deploy.0 = Release|Any CPU
		{9AAADF81-35FC-4BBB-B2E4-42B6757F1C28}.Release|iPhoneSimulator.ActiveCfg = Release|Any CPU
		{9AAADF81-35FC-4BBB-B2E4-42B6757F1C28}.Release|iPhoneSimulator.Build.0 = Release|Any CPU
		{9AAADF81-35FC-4BBB-B2E4-42B6757F1C28}.Release|iPhoneSimulator.Deploy.0 = Release|Any CPU
		{9AAADF81-35FC-4BBB-B2E4-42B6757F1C28}.Release|x86.ActiveCfg = Release|x86
		{9AAADF81-35FC-4BBB-B2E4-42B6757F1C28}.Release|x86.Build.0 = Release|x86
		{9AAADF81-35FC-4BBB-B2E4-42B6757F1C28}.Release|x86.Deploy.0 = Release|x86
	EndGlobalSection
	GlobalSection(SolutionProperties) = preSolution
		HideSolutionNode = FALSE
	EndGlobalSection
EndGlobal
